
Microsoft Visual Studio Solution File, Format Version 12.00
Project("{FAE04EC0-301F-11D3-BF4B-00C04F79EFBC}") = "Lab5", "Lab5\Lab5.csproj", "{96D0AC21-FF09-4546-ADF4-88EDD5817C83}"
EndProject
Global
	GlobalSection(SolutionConfigurationPlatforms) = preSolution
		Debug|Any CPU = Debug|Any CPU
		Release|Any CPU = Release|Any CPU
	EndGlobalSection
	GlobalSection(ProjectConfigurationPlatforms) = postSolution
		{96D0AC21-FF09-4546-ADF4-88EDD5817C83}.Debug|Any CPU.ActiveCfg = Debug|Any CPU
		{96D0AC21-FF09-4546-ADF4-88EDD5817C83}.Debug|Any CPU.Build.0 = Debug|Any CPU
		{96D0AC21-FF09-4546-ADF4-88EDD5817C83}.Release|Any CPU.ActiveCfg = Release|Any CPU
		{96D0AC21-FF09-4546-ADF4-88EDD5817C83}.Release|Any CPU.Build.0 = Release|Any CPU
	EndGlobalSection
EndGlobal
